// !$*UTF8*$!
{
	archiveVersion = 1;
	classes = {
	};
	objectVersion = 56;
	objects = {

/* Begin PBXBuildFile section */
		323756482A78D8A20099C4C9 /* ScrumStore.swift in Sources */ = {isa = PBXBuildFile; fileRef = 323756472A78D8A20099C4C9 /* ScrumStore.swift */; };
		323BBBD42A7A814300A56948 /* ErrorWrapper.swift in Sources */ = {isa = PBXBuildFile; fileRef = 323BBBD32A7A814300A56948 /* ErrorWrapper.swift */; };
		323BBBD62A7A81BE00A56948 /* ErrorView.swift in Sources */ = {isa = PBXBuildFile; fileRef = 323BBBD52A7A81BE00A56948 /* ErrorView.swift */; };
		3258E6582A7BC42F00178753 /* MeetingTimerView.swift in Sources */ = {isa = PBXBuildFile; fileRef = 3258E6572A7BC42F00178753 /* MeetingTimerView.swift */; };
		3258E65A2A7BCD8D00178753 /* SpeakerArc.swift in Sources */ = {isa = PBXBuildFile; fileRef = 3258E6592A7BCD8D00178753 /* SpeakerArc.swift */; };
		329CBB172A6BC35400D493BC /* ScrumdingerApp.swift in Sources */ = {isa = PBXBuildFile; fileRef = 329CBB162A6BC35400D493BC /* ScrumdingerApp.swift */; };
		329CBB192A6BC35400D493BC /* MeetingView.swift in Sources */ = {isa = PBXBuildFile; fileRef = 329CBB182A6BC35400D493BC /* MeetingView.swift */; };
		329CBB1E2A6BC35500D493BC /* Preview Assets.xcassets in Resources */ = {isa = PBXBuildFile; fileRef = 329CBB1D2A6BC35500D493BC /* Preview Assets.xcassets */; };
		329CBB262A6BD0C800D493BC /* Theme.swift in Sources */ = {isa = PBXBuildFile; fileRef = 329CBB252A6BD0C800D493BC /* Theme.swift */; };
		329CBB282A6BD1A000D493BC /* DailyScrum.swift in Sources */ = {isa = PBXBuildFile; fileRef = 329CBB272A6BD1A000D493BC /* DailyScrum.swift */; };
		329CBB2A2A6BD26800D493BC /* CardView.swift in Sources */ = {isa = PBXBuildFile; fileRef = 329CBB292A6BD26800D493BC /* CardView.swift */; };
		329CBB2C2A6BE5B000D493BC /* Assets.xcassets in Resources */ = {isa = PBXBuildFile; fileRef = 329CBB2B2A6BE5B000D493BC /* Assets.xcassets */; };
		329CBB302A6BE87700D493BC /* ScrumsView.swift in Sources */ = {isa = PBXBuildFile; fileRef = 329CBB2F2A6BE87700D493BC /* ScrumsView.swift */; };
		329CBB322A6BF21200D493BC /* DetailView.swift in Sources */ = {isa = PBXBuildFile; fileRef = 329CBB312A6BF21200D493BC /* DetailView.swift */; };
		329CBB342A6C00BA00D493BC /* DetailEditView.swift in Sources */ = {isa = PBXBuildFile; fileRef = 329CBB332A6C00BA00D493BC /* DetailEditView.swift */; };
		329CBB362A6C116400D493BC /* ThemeView.swift in Sources */ = {isa = PBXBuildFile; fileRef = 329CBB352A6C116400D493BC /* ThemeView.swift */; };
		329CBB382A6C1C8800D493BC /* ThemePicker.swift in Sources */ = {isa = PBXBuildFile; fileRef = 329CBB372A6C1C8800D493BC /* ThemePicker.swift */; };
		329CBB3B2A6CD89E00D493BC /* MeetingHeaderView.swift in Sources */ = {isa = PBXBuildFile; fileRef = 329CBB3A2A6CD89E00D493BC /* MeetingHeaderView.swift */; };
		329CBB3D2A6CE2EC00D493BC /* ScrumProgressViewStyle.swift in Sources */ = {isa = PBXBuildFile; fileRef = 329CBB3C2A6CE2EC00D493BC /* ScrumProgressViewStyle.swift */; };
		329CBB3F2A6CE3A700D493BC /* ScrumTimer.swift in Sources */ = {isa = PBXBuildFile; fileRef = 329CBB3E2A6CE3A700D493BC /* ScrumTimer.swift */; };
		329D92FB2A6D4A4F000495AC /* MeetingFooterView.swift in Sources */ = {isa = PBXBuildFile; fileRef = 329D92FA2A6D4A4F000495AC /* MeetingFooterView.swift */; };
		329D92FD2A6D5249000495AC /* AVPlayer+Ding.swift in Sources */ = {isa = PBXBuildFile; fileRef = 329D92FC2A6D5249000495AC /* AVPlayer+Ding.swift */; };
		329D93002A6D527B000495AC /* ding.wav in Resources */ = {isa = PBXBuildFile; fileRef = 329D92FF2A6D527B000495AC /* ding.wav */; };
		329D93022A6D532A000495AC /* TrailingIconLabelStyle.swift in Sources */ = {isa = PBXBuildFile; fileRef = 329D93012A6D532A000495AC /* TrailingIconLabelStyle.swift */; };
		32B308B92A72BC090000185A /* NewScrumSheet.swift in Sources */ = {isa = PBXBuildFile; fileRef = 32B308B82A72BC090000185A /* NewScrumSheet.swift */; };
		32B308BB2A72BF8B0000185A /* History.swift in Sources */ = {isa = PBXBuildFile; fileRef = 32B308BA2A72BF8B0000185A /* History.swift */; };
/* End PBXBuildFile section */

/* Begin PBXFileReference section */
		323756472A78D8A20099C4C9 /* ScrumStore.swift */ = {isa = PBXFileReference; lastKnownFileType = sourcecode.swift; path = ScrumStore.swift; sourceTree = "<group>"; };
		323BBBD32A7A814300A56948 /* ErrorWrapper.swift */ = {isa = PBXFileReference; lastKnownFileType = sourcecode.swift; path = ErrorWrapper.swift; sourceTree = "<group>"; };
		323BBBD52A7A81BE00A56948 /* ErrorView.swift */ = {isa = PBXFileReference; lastKnownFileType = sourcecode.swift; path = ErrorView.swift; sourceTree = "<group>"; };
		3258E6572A7BC42F00178753 /* MeetingTimerView.swift */ = {isa = PBXFileReference; lastKnownFileType = sourcecode.swift; path = MeetingTimerView.swift; sourceTree = "<group>"; };
		3258E6592A7BCD8D00178753 /* SpeakerArc.swift */ = {isa = PBXFileReference; lastKnownFileType = sourcecode.swift; path = SpeakerArc.swift; sourceTree = "<group>"; };
		329CBB132A6BC35400D493BC /* Scrumdinger.app */ = {isa = PBXFileReference; explicitFileType = wrapper.application; includeInIndex = 0; path = Scrumdinger.app; sourceTree = BUILT_PRODUCTS_DIR; };
		329CBB162A6BC35400D493BC /* ScrumdingerApp.swift */ = {isa = PBXFileReference; lastKnownFileType = sourcecode.swift; path = ScrumdingerApp.swift; sourceTree = "<group>"; };
		329CBB182A6BC35400D493BC /* MeetingView.swift */ = {isa = PBXFileReference; lastKnownFileType = sourcecode.swift; path = MeetingView.swift; sourceTree = "<group>"; };
		329CBB1D2A6BC35500D493BC /* Preview Assets.xcassets */ = {isa = PBXFileReference; lastKnownFileType = folder.assetcatalog; path = "Preview Assets.xcassets"; sourceTree = "<group>"; };
		329CBB252A6BD0C800D493BC /* Theme.swift */ = {isa = PBXFileReference; lastKnownFileType = sourcecode.swift; path = Theme.swift; sourceTree = "<group>"; };
		329CBB272A6BD1A000D493BC /* DailyScrum.swift */ = {isa = PBXFileReference; lastKnownFileType = sourcecode.swift; path = DailyScrum.swift; sourceTree = "<group>"; };
		329CBB292A6BD26800D493BC /* CardView.swift */ = {isa = PBXFileReference; lastKnownFileType = sourcecode.swift; path = CardView.swift; sourceTree = "<group>"; };
		329CBB2B2A6BE5B000D493BC /* Assets.xcassets */ = {isa = PBXFileReference; lastKnownFileType = folder.assetcatalog; name = Assets.xcassets; path = ../../../../Downloads/CreatingACardView/StartingProject/Scrumdinger/Assets.xcassets; sourceTree = "<group>"; };
		329CBB2F2A6BE87700D493BC /* ScrumsView.swift */ = {isa = PBXFileReference; lastKnownFileType = sourcecode.swift; path = ScrumsView.swift; sourceTree = "<group>"; };
		329CBB312A6BF21200D493BC /* DetailView.swift */ = {isa = PBXFileReference; lastKnownFileType = sourcecode.swift; path = DetailView.swift; sourceTree = "<group>"; };
		329CBB332A6C00BA00D493BC /* DetailEditView.swift */ = {isa = PBXFileReference; lastKnownFileType = sourcecode.swift; path = DetailEditView.swift; sourceTree = "<group>"; };
		329CBB352A6C116400D493BC /* ThemeView.swift */ = {isa = PBXFileReference; lastKnownFileType = sourcecode.swift; path = ThemeView.swift; sourceTree = "<group>"; };
		329CBB372A6C1C8800D493BC /* ThemePicker.swift */ = {isa = PBXFileReference; lastKnownFileType = sourcecode.swift; path = ThemePicker.swift; sourceTree = "<group>"; };
		329CBB3A2A6CD89E00D493BC /* MeetingHeaderView.swift */ = {isa = PBXFileReference; lastKnownFileType = sourcecode.swift; path = MeetingHeaderView.swift; sourceTree = "<group>"; };
		329CBB3C2A6CE2EC00D493BC /* ScrumProgressViewStyle.swift */ = {isa = PBXFileReference; fileEncoding = 4; lastKnownFileType = sourcecode.swift; name = ScrumProgressViewStyle.swift; path = ../../../../../Downloads/ManagingStateAndLifeCycle/StartingProject/Scrumdinger/Views/ScrumProgressViewStyle.swift; sourceTree = "<group>"; };
		329CBB3E2A6CE3A700D493BC /* ScrumTimer.swift */ = {isa = PBXFileReference; lastKnownFileType = sourcecode.swift; path = ScrumTimer.swift; sourceTree = "<group>"; };
		329D92FA2A6D4A4F000495AC /* MeetingFooterView.swift */ = {isa = PBXFileReference; lastKnownFileType = sourcecode.swift; path = MeetingFooterView.swift; sourceTree = "<group>"; };
		329D92FC2A6D5249000495AC /* AVPlayer+Ding.swift */ = {isa = PBXFileReference; fileEncoding = 4; lastKnownFileType = sourcecode.swift; name = "AVPlayer+Ding.swift"; path = "../../../../../Downloads/ManagingStateAndLifeCycle/Complete/Scrumdinger/Models/AVPlayer+Ding.swift"; sourceTree = "<group>"; };
		329D92FF2A6D527B000495AC /* ding.wav */ = {isa = PBXFileReference; lastKnownFileType = audio.wav; path = ding.wav; sourceTree = "<group>"; };
		329D93012A6D532A000495AC /* TrailingIconLabelStyle.swift */ = {isa = PBXFileReference; lastKnownFileType = sourcecode.swift; path = TrailingIconLabelStyle.swift; sourceTree = "<group>"; };
		32B308B82A72BC090000185A /* NewScrumSheet.swift */ = {isa = PBXFileReference; lastKnownFileType = sourcecode.swift; path = NewScrumSheet.swift; sourceTree = "<group>"; };
		32B308BA2A72BF8B0000185A /* History.swift */ = {isa = PBXFileReference; lastKnownFileType = sourcecode.swift; path = History.swift; sourceTree = "<group>"; };
/* End PBXFileReference section */

/* Begin PBXFrameworksBuildPhase section */
		329CBB102A6BC35400D493BC /* Frameworks */ = {
			isa = PBXFrameworksBuildPhase;
			buildActionMask = 2147483647;
			files = (
			);
			runOnlyForDeploymentPostprocessing = 0;
		};
/* End PBXFrameworksBuildPhase section */

/* Begin PBXGroup section */
		329CBB0A2A6BC35400D493BC = {
			isa = PBXGroup;
			children = (
				329CBB152A6BC35400D493BC /* Scrumdinger */,
				329CBB142A6BC35400D493BC /* Products */,
			);
			sourceTree = "<group>";
		};
		329CBB142A6BC35400D493BC /* Products */ = {
			isa = PBXGroup;
			children = (
				329CBB132A6BC35400D493BC /* Scrumdinger.app */,
			);
			name = Products;
			sourceTree = "<group>";
		};
		329CBB152A6BC35400D493BC /* Scrumdinger */ = {
			isa = PBXGroup;
			children = (
				329D92FE2A6D526B000495AC /* Resources */,
				329CBB392A6CD35300D493BC /* Views */,
				329CBB242A6BD0A800D493BC /* Models */,
				329CBB1C2A6BC35500D493BC /* Preview Content */,
				329CBB162A6BC35400D493BC /* ScrumdingerApp.swift */,
				329CBB2B2A6BE5B000D493BC /* Assets.xcassets */,
			);
			path = Scrumdinger;
			sourceTree = "<group>";
		};
		329CBB1C2A6BC35500D493BC /* Preview Content */ = {
			isa = PBXGroup;
			children = (
				329CBB1D2A6BC35500D493BC /* Preview Assets.xcassets */,
			);
			path = "Preview Content";
			sourceTree = "<group>";
		};
		329CBB242A6BD0A800D493BC /* Models */ = {
			isa = PBXGroup;
			children = (
				32B308BA2A72BF8B0000185A /* History.swift */,
				329D92FC2A6D5249000495AC /* AVPlayer+Ding.swift */,
				329CBB252A6BD0C800D493BC /* Theme.swift */,
				329CBB272A6BD1A000D493BC /* DailyScrum.swift */,
				329CBB3E2A6CE3A700D493BC /* ScrumTimer.swift */,
				323756472A78D8A20099C4C9 /* ScrumStore.swift */,
				323BBBD32A7A814300A56948 /* ErrorWrapper.swift */,
			);
			path = Models;
			sourceTree = "<group>";
		};
		329CBB392A6CD35300D493BC /* Views */ = {
			isa = PBXGroup;
			children = (
				329CBB3C2A6CE2EC00D493BC /* ScrumProgressViewStyle.swift */,
				329CBB372A6C1C8800D493BC /* ThemePicker.swift */,
				329CBB332A6C00BA00D493BC /* DetailEditView.swift */,
				329CBB312A6BF21200D493BC /* DetailView.swift */,
				329CBB2F2A6BE87700D493BC /* ScrumsView.swift */,
				329CBB182A6BC35400D493BC /* MeetingView.swift */,
				329CBB292A6BD26800D493BC /* CardView.swift */,
				329CBB352A6C116400D493BC /* ThemeView.swift */,
				329CBB3A2A6CD89E00D493BC /* MeetingHeaderView.swift */,
				329D92FA2A6D4A4F000495AC /* MeetingFooterView.swift */,
				329D93012A6D532A000495AC /* TrailingIconLabelStyle.swift */,
				32B308B82A72BC090000185A /* NewScrumSheet.swift */,
				323BBBD52A7A81BE00A56948 /* ErrorView.swift */,
				3258E6572A7BC42F00178753 /* MeetingTimerView.swift */,
				3258E6592A7BCD8D00178753 /* SpeakerArc.swift */,
			);
			path = Views;
			sourceTree = "<group>";
		};
		329D92FE2A6D526B000495AC /* Resources */ = {
			isa = PBXGroup;
			children = (
				329D92FF2A6D527B000495AC /* ding.wav */,
			);
			path = Resources;
			sourceTree = "<group>";
		};
/* End PBXGroup section */

/* Begin PBXNativeTarget section */
		329CBB122A6BC35400D493BC /* Scrumdinger */ = {
			isa = PBXNativeTarget;
			buildConfigurationList = 329CBB212A6BC35500D493BC /* Build configuration list for PBXNativeTarget "Scrumdinger" */;
			buildPhases = (
				329CBB0F2A6BC35400D493BC /* Sources */,
				329CBB102A6BC35400D493BC /* Frameworks */,
				329CBB112A6BC35400D493BC /* Resources */,
			);
			buildRules = (
			);
			dependencies = (
			);
			name = Scrumdinger;
			productName = Scrumdinger;
			productReference = 329CBB132A6BC35400D493BC /* Scrumdinger.app */;
			productType = "com.apple.product-type.application";
		};
/* End PBXNativeTarget section */

/* Begin PBXProject section */
		329CBB0B2A6BC35400D493BC /* Project object */ = {
			isa = PBXProject;
			attributes = {
				BuildIndependentTargetsInParallel = 1;
				LastSwiftUpdateCheck = 1420;
				LastUpgradeCheck = 1420;
				TargetAttributes = {
					329CBB122A6BC35400D493BC = {
						CreatedOnToolsVersion = 14.2;
					};
				};
			};
			buildConfigurationList = 329CBB0E2A6BC35400D493BC /* Build configuration list for PBXProject "Scrumdinger" */;
			compatibilityVersion = "Xcode 14.0";
			developmentRegion = en;
			hasScannedForEncodings = 0;
			knownRegions = (
				en,
				Base,
			);
			mainGroup = 329CBB0A2A6BC35400D493BC;
			productRefGroup = 329CBB142A6BC35400D493BC /* Products */;
			projectDirPath = "";
			projectRoot = "";
			targets = (
				329CBB122A6BC35400D493BC /* Scrumdinger */,
			);
		};
/* End PBXProject section */

/* Begin PBXResourcesBuildPhase section */
		329CBB112A6BC35400D493BC /* Resources */ = {
			isa = PBXResourcesBuildPhase;
			buildActionMask = 2147483647;
			files = (
				329D93002A6D527B000495AC /* ding.wav in Resources */,
				329CBB1E2A6BC35500D493BC /* Preview Assets.xcassets in Resources */,
				329CBB2C2A6BE5B000D493BC /* Assets.xcassets in Resources */,
			);
			runOnlyForDeploymentPostprocessing = 0;
		};
/* End PBXResourcesBuildPhase section */

/* Begin PBXSourcesBuildPhase section */
		329CBB0F2A6BC35400D493BC /* Sources */ = {
			isa = PBXSourcesBuildPhase;
			buildActionMask = 2147483647;
			files = (
				32B308BB2A72BF8B0000185A /* History.swift in Sources */,
				329CBB382A6C1C8800D493BC /* ThemePicker.swift in Sources */,
				329CBB3D2A6CE2EC00D493BC /* ScrumProgressViewStyle.swift in Sources */,
				329D92FB2A6D4A4F000495AC /* MeetingFooterView.swift in Sources */,
				3258E65A2A7BCD8D00178753 /* SpeakerArc.swift in Sources */,
				323BBBD62A7A81BE00A56948 /* ErrorView.swift in Sources */,
				329CBB3F2A6CE3A700D493BC /* ScrumTimer.swift in Sources */,
				3258E6582A7BC42F00178753 /* MeetingTimerView.swift in Sources */,
				329CBB282A6BD1A000D493BC /* DailyScrum.swift in Sources */,
				323756482A78D8A20099C4C9 /* ScrumStore.swift in Sources */,
				329CBB322A6BF21200D493BC /* DetailView.swift in Sources */,
				323BBBD42A7A814300A56948 /* ErrorWrapper.swift in Sources */,
				329CBB3B2A6CD89E00D493BC /* MeetingHeaderView.swift in Sources */,
				329CBB342A6C00BA00D493BC /* DetailEditView.swift in Sources */,
				32B308B92A72BC090000185A /* NewScrumSheet.swift in Sources */,
				329CBB262A6BD0C800D493BC /* Theme.swift in Sources */,
				329CBB192A6BC35400D493BC /* MeetingView.swift in Sources */,
				329CBB302A6BE87700D493BC /* ScrumsView.swift in Sources */,
				329D93022A6D532A000495AC /* TrailingIconLabelStyle.swift in Sources */,
				329CBB172A6BC35400D493BC /* ScrumdingerApp.swift in Sources */,
				329CBB362A6C116400D493BC /* ThemeView.swift in Sources */,
				329CBB2A2A6BD26800D493BC /* CardView.swift in Sources */,
				329D92FD2A6D5249000495AC /* AVPlayer+Ding.swift in Sources */,
			);
			runOnlyForDeploymentPostprocessing = 0;
		};
/* End PBXSourcesBuildPhase section */

/* Begin XCBuildConfiguration section */
		329CBB1F2A6BC35500D493BC /* Debug */ = {
			isa = XCBuildConfiguration;
			buildSettings = {
				ALWAYS_SEARCH_USER_PATHS = NO;
				CLANG_ANALYZER_NONNULL = YES;
				CLANG_ANALYZER_NUMBER_OBJECT_CONVERSION = YES_AGGRESSIVE;
				CLANG_CXX_LANGUAGE_STANDARD = "gnu++20";
				CLANG_ENABLE_MODULES = YES;
				CLANG_ENABLE_OBJC_ARC = YES;
				CLANG_ENABLE_OBJC_WEAK = YES;
				CLANG_WARN_BLOCK_CAPTURE_AUTORELEASING = YES;
				CLANG_WARN_BOOL_CONVERSION = YES;
				CLANG_WARN_COMMA = YES;
				CLANG_WARN_CONSTANT_CONVERSION = YES;
				CLANG_WARN_DEPRECATED_OBJC_IMPLEMENTATIONS = YES;
				CLANG_WARN_DIRECT_OBJC_ISA_USAGE = YES_ERROR;
				CLANG_WARN_DOCUMENTATION_COMMENTS = YES;
				CLANG_WARN_EMPTY_BODY = YES;
				CLANG_WARN_ENUM_CONVERSION = YES;
				CLANG_WARN_INFINITE_RECURSION = YES;
				CLANG_WARN_INT_CONVERSION = YES;
				CLANG_WARN_NON_LITERAL_NULL_CONVERSION = YES;
				CLANG_WARN_OBJC_IMPLICIT_RETAIN_SELF = YES;
				CLANG_WARN_OBJC_LITERAL_CONVERSION = YES;
				CLANG_WARN_OBJC_ROOT_CLASS = YES_ERROR;
				CLANG_WARN_QUOTED_INCLUDE_IN_FRAMEWORK_HEADER = YES;
				CLANG_WARN_RANGE_LOOP_ANALYSIS = YES;
				CLANG_WARN_STRICT_PROTOTYPES = YES;
				CLANG_WARN_SUSPICIOUS_MOVE = YES;
				CLANG_WARN_UNGUARDED_AVAILABILITY = YES_AGGRESSIVE;
				CLANG_WARN_UNREACHABLE_CODE = YES;
				CLANG_WARN__DUPLICATE_METHOD_MATCH = YES;
				COPY_PHASE_STRIP = NO;
				DEBUG_INFORMATION_FORMAT = dwarf;
				ENABLE_STRICT_OBJC_MSGSEND = YES;
				ENABLE_TESTABILITY = YES;
				GCC_C_LANGUAGE_STANDARD = gnu11;
				GCC_DYNAMIC_NO_PIC = NO;
				GCC_NO_COMMON_BLOCKS = YES;
				GCC_OPTIMIZATION_LEVEL = 0;
				GCC_PREPROCESSOR_DEFINITIONS = (
					"DEBUG=1",
					"$(inherited)",
				);
				GCC_WARN_64_TO_32_BIT_CONVERSION = YES;
				GCC_WARN_ABOUT_RETURN_TYPE = YES_ERROR;
				GCC_WARN_UNDECLARED_SELECTOR = YES;
				GCC_WARN_UNINITIALIZED_AUTOS = YES_AGGRESSIVE;
				GCC_WARN_UNUSED_FUNCTION = YES;
				GCC_WARN_UNUSED_VARIABLE = YES;
				IPHONEOS_DEPLOYMENT_TARGET = 16.2;
				MTL_ENABLE_DEBUG_INFO = INCLUDE_SOURCE;
				MTL_FAST_MATH = YES;
				ONLY_ACTIVE_ARCH = YES;
				SDKROOT = iphoneos;
				SWIFT_ACTIVE_COMPILATION_CONDITIONS = DEBUG;
				SWIFT_OPTIMIZATION_LEVEL = "-Onone";
			};
			name = Debug;
		};
		329CBB202A6BC35500D493BC /* Release */ = {
			isa = XCBuildConfiguration;
			buildSettings = {
				ALWAYS_SEARCH_USER_PATHS = NO;
				CLANG_ANALYZER_NONNULL = YES;
				CLANG_ANALYZER_NUMBER_OBJECT_CONVERSION = YES_AGGRESSIVE;
				CLANG_CXX_LANGUAGE_STANDARD = "gnu++20";
				CLANG_ENABLE_MODULES = YES;
				CLANG_ENABLE_OBJC_ARC = YES;
				CLANG_ENABLE_OBJC_WEAK = YES;
				CLANG_WARN_BLOCK_CAPTURE_AUTORELEASING = YES;
				CLANG_WARN_BOOL_CONVERSION = YES;
				CLANG_WARN_COMMA = YES;
				CLANG_WARN_CONSTANT_CONVERSION = YES;
				CLANG_WARN_DEPRECATED_OBJC_IMPLEMENTATIONS = YES;
				CLANG_WARN_DIRECT_OBJC_ISA_USAGE = YES_ERROR;
				CLANG_WARN_DOCUMENTATION_COMMENTS = YES;
				CLANG_WARN_EMPTY_BODY = YES;
				CLANG_WARN_ENUM_CONVERSION = YES;
				CLANG_WARN_INFINITE_RECURSION = YES;
				CLANG_WARN_INT_CONVERSION = YES;
				CLANG_WARN_NON_LITERAL_NULL_CONVERSION = YES;
				CLANG_WARN_OBJC_IMPLICIT_RETAIN_SELF = YES;
				CLANG_WARN_OBJC_LITERAL_CONVERSION = YES;
				CLANG_WARN_OBJC_ROOT_CLASS = YES_ERROR;
				CLANG_WARN_QUOTED_INCLUDE_IN_FRAMEWORK_HEADER = YES;
				CLANG_WARN_RANGE_LOOP_ANALYSIS = YES;
				CLANG_WARN_STRICT_PROTOTYPES = YES;
				CLANG_WARN_SUSPICIOUS_MOVE = YES;
				CLANG_WARN_UNGUARDED_AVAILABILITY = YES_AGGRESSIVE;
				CLANG_WARN_UNREACHABLE_CODE = YES;
				CLANG_WARN__DUPLICATE_METHOD_MATCH = YES;
				COPY_PHASE_STRIP = NO;
				DEBUG_INFORMATION_FORMAT = "dwarf-with-dsym";
				ENABLE_NS_ASSERTIONS = NO;
				ENABLE_STRICT_OBJC_MSGSEND = YES;
				GCC_C_LANGUAGE_STANDARD = gnu11;
				GCC_NO_COMMON_BLOCKS = YES;
				GCC_WARN_64_TO_32_BIT_CONVERSION = YES;
				GCC_WARN_ABOUT_RETURN_TYPE = YES_ERROR;
				GCC_WARN_UNDECLARED_SELECTOR = YES;
				GCC_WARN_UNINITIALIZED_AUTOS = YES_AGGRESSIVE;
				GCC_WARN_UNUSED_FUNCTION = YES;
				GCC_WARN_UNUSED_VARIABLE = YES;
				IPHONEOS_DEPLOYMENT_TARGET = 16.2;
				MTL_ENABLE_DEBUG_INFO = NO;
				MTL_FAST_MATH = YES;
				SDKROOT = iphoneos;
				SWIFT_COMPILATION_MODE = wholemodule;
				SWIFT_OPTIMIZATION_LEVEL = "-O";
				VALIDATE_PRODUCT = YES;
			};
			name = Release;
		};
		329CBB222A6BC35500D493BC /* Debug */ = {
			isa = XCBuildConfiguration;
			buildSettings = {
				ASSETCATALOG_COMPILER_APPICON_NAME = AppIcon;
				ASSETCATALOG_COMPILER_GLOBAL_ACCENT_COLOR_NAME = AccentColor;
				CODE_SIGN_STYLE = Automatic;
				CURRENT_PROJECT_VERSION = 1;
				DEVELOPMENT_ASSET_PATHS = "\"Scrumdinger/Preview Content\"";
				ENABLE_PREVIEWS = YES;
				GENERATE_INFOPLIST_FILE = YES;
				INFOPLIST_KEY_UIApplicationSceneManifest_Generation = YES;
				INFOPLIST_KEY_UIApplicationSupportsIndirectInputEvents = YES;
				INFOPLIST_KEY_UILaunchScreen_Generation = YES;
				INFOPLIST_KEY_UISupportedInterfaceOrientations_iPad = "UIInterfaceOrientationPortrait UIInterfaceOrientationPortraitUpsideDown UIInterfaceOrientationLandscapeLeft UIInterfaceOrientationLandscapeRight";
				INFOPLIST_KEY_UISupportedInterfaceOrientations_iPhone = "UIInterfaceOrientationPortrait UIInterfaceOrientationLandscapeLeft UIInterfaceOrientationLandscapeRight";
				LD_RUNPATH_SEARCH_PATHS = (
					"$(inherited)",
					"@executable_path/Frameworks",
				);
				MARKETING_VERSION = 1.0;
				PRODUCT_BUNDLE_IDENTIFIER = Coaspe.Scrumdinger;
				PRODUCT_NAME = "$(TARGET_NAME)";
				SWIFT_EMIT_LOC_STRINGS = YES;
				SWIFT_VERSION = 5.0;
				TARGETED_DEVICE_FAMILY = "1,2";
			};
			name = Debug;
		};
		329CBB232A6BC35500D493BC /* Release */ = {
			isa = XCBuildConfiguration;
			buildSettings = {
				ASSETCATALOG_COMPILER_APPICON_NAME = AppIcon;
				ASSETCATALOG_COMPILER_GLOBAL_ACCENT_COLOR_NAME = AccentColor;
				CODE_SIGN_STYLE = Automatic;
				CURRENT_PROJECT_VERSION = 1;
				DEVELOPMENT_ASSET_PATHS = "\"Scrumdinger/Preview Content\"";
				ENABLE_PREVIEWS = YES;
				GENERATE_INFOPLIST_FILE = YES;
				INFOPLIST_KEY_UIApplicationSceneManifest_Generation = YES;
				INFOPLIST_KEY_UIApplicationSupportsIndirectInputEvents = YES;
				INFOPLIST_KEY_UILaunchScreen_Generation = YES;
				INFOPLIST_KEY_UISupportedInterfaceOrientations_iPad = "UIInterfaceOrientationPortrait UIInterfaceOrientationPortraitUpsideDown UIInterfaceOrientationLandscapeLeft UIInterfaceOrientationLandscapeRight";
				INFOPLIST_KEY_UISupportedInterfaceOrientations_iPhone = "UIInterfaceOrientationPortrait UIInterfaceOrientationLandscapeLeft UIInterfaceOrientationLandscapeRight";
				LD_RUNPATH_SEARCH_PATHS = (
					"$(inherited)",
					"@executable_path/Frameworks",
				);
				MARKETING_VERSION = 1.0;
				PRODUCT_BUNDLE_IDENTIFIER = Coaspe.Scrumdinger;
				PRODUCT_NAME = "$(TARGET_NAME)";
				SWIFT_EMIT_LOC_STRINGS = YES;
				SWIFT_VERSION = 5.0;
				TARGETED_DEVICE_FAMILY = "1,2";
			};
			name = Release;
		};
/* End XCBuildConfiguration section */

/* Begin XCConfigurationList section */
		329CBB0E2A6BC35400D493BC /* Build configuration list for PBXProject "Scrumdinger" */ = {
			isa = XCConfigurationList;
			buildConfigurations = (
				329CBB1F2A6BC35500D493BC /* Debug */,
				329CBB202A6BC35500D493BC /* Release */,
			);
			defaultConfigurationIsVisible = 0;
			defaultConfigurationName = Release;
		};
		329CBB212A6BC35500D493BC /* Build configuration list for PBXNativeTarget "Scrumdinger" */ = {
			isa = XCConfigurationList;
			buildConfigurations = (
				329CBB222A6BC35500D493BC /* Debug */,
				329CBB232A6BC35500D493BC /* Release */,
			);
			defaultConfigurationIsVisible = 0;
			defaultConfigurationName = Release;
		};
/* End XCConfigurationList section */
	};
	rootObject = 329CBB0B2A6BC35400D493BC /* Project object */;
}
